
Microsoft Visual Studio Solution File, Format Version 12.00
# Visual Studio Version 17
VisualStudioVersion = 17.2.32616.157
MinimumVisualStudioVersion = 10.0.40219.1
Project("{9A19103F-16F7-4668-BE54-9A1E7A4F7556}") = "SkiaGame", "SkiaGame\SkiaGame.csproj", "{8CB0DDAE-0083-4EDC-BBCD-A7807A31B400}"
EndProject
Project("{9A19103F-16F7-4668-BE54-9A1E7A4F7556}") = "SkiaGame.Gtk", "SkiaGame.Gtk\SkiaGame.Gtk.csproj", "{5D076B3D-4699-4529-96D3-B16D34911F93}"
EndProject
Project("{9A19103F-16F7-4668-BE54-9A1E7A4F7556}") = "TestGame", "TestGame\TestGame.csproj", "{9B434AE3-CDAB-42D4-AE4D-7C9041C5D9CF}"
EndProject
Project("{2150E333-8FDC-42A3-9474-1A3956D46DE8}") = "Platforms", "Platforms", "{8DE583F3-D23E-45C5-A121-51D47D34B525}"
EndProject
Project("{2150E333-8FDC-42A3-9474-1A3956D46DE8}") = "Samples", "Samples", "{672CD4E2-5625-4B63-8C1D-712A648C10AB}"
EndProject
Project("{9A19103F-16F7-4668-BE54-9A1E7A4F7556}") = "TestGame.Maui", "TestGame.Maui\TestGame.Maui.csproj", "{D96B84FF-16BD-47FE-8A8A-BDE66678D8E0}"
EndProject
Project("{9A19103F-16F7-4668-BE54-9A1E7A4F7556}") = "TestGame.Gtk", "TestGame.Gtk\TestGame.Gtk.csproj", "{FD50B2CE-7BB1-437A-8754-18A8BAB93DEF}"
EndProject
Project("{9A19103F-16F7-4668-BE54-9A1E7A4F7556}") = "SkiaGame.Maui", "SkiaGame.Maui\SkiaGame.Maui.csproj", "{209BFFC1-A5BD-48EB-84AF-E69869B8BD74}"
EndProject
Project("{2150E333-8FDC-42A3-9474-1A3956D46DE8}") = "Base", "Base", "{ED955063-E87E-4680-A77C-3A3E60F276C3}"
EndProject
Project("{9A19103F-16F7-4668-BE54-9A1E7A4F7556}") = "SkiaGame.WindowsForms", "SkiaGame.WindowsForms\SkiaGame.WindowsForms.csproj", "{C3D058ED-7A8B-4624-B94B-3C682A99046F}"
EndProject
Project("{9A19103F-16F7-4668-BE54-9A1E7A4F7556}") = "TestGame.WindowsForms", "TestGame.WindowsForms\TestGame.WindowsForms.csproj", "{646064DF-9ACD-48D6-A2E7-F29DFE89E76F}"
EndProject
Project("{FAE04EC0-301F-11D3-BF4B-00C04F79EFBC}") = "SkiaGame.Wpf", "SkiaGame.Wpf\SkiaGame.Wpf.csproj", "{E4A7A1B5-CC60-4B9D-81F5-816F930DF37A}"
EndProject
Project("{FAE04EC0-301F-11D3-BF4B-00C04F79EFBC}") = "TestGame.Wpf", "TestGame.Wpf\TestGame.Wpf.csproj", "{09FBEE53-0823-442E-834A-4339F44C6739}"
EndProject
Global
	GlobalSection(SolutionConfigurationPlatforms) = preSolution
		Debug|Any CPU = Debug|Any CPU
		Release|Any CPU = Release|Any CPU
	EndGlobalSection
	GlobalSection(ProjectConfigurationPlatforms) = postSolution
		{8CB0DDAE-0083-4EDC-BBCD-A7807A31B400}.Debug|Any CPU.ActiveCfg = Debug|Any CPU
		{8CB0DDAE-0083-4EDC-BBCD-A7807A31B400}.Debug|Any CPU.Build.0 = Debug|Any CPU
		{8CB0DDAE-0083-4EDC-BBCD-A7807A31B400}.Release|Any CPU.ActiveCfg = Release|Any CPU
		{8CB0DDAE-0083-4EDC-BBCD-A7807A31B400}.Release|Any CPU.Build.0 = Release|Any CPU
		{5D076B3D-4699-4529-96D3-B16D34911F93}.Debug|Any CPU.ActiveCfg = Debug|Any CPU
		{5D076B3D-4699-4529-96D3-B16D34911F93}.Debug|Any CPU.Build.0 = Debug|Any CPU
		{5D076B3D-4699-4529-96D3-B16D34911F93}.Release|Any CPU.ActiveCfg = Release|Any CPU
		{5D076B3D-4699-4529-96D3-B16D34911F93}.Release|Any CPU.Build.0 = Release|Any CPU
		{9B434AE3-CDAB-42D4-AE4D-7C9041C5D9CF}.Debug|Any CPU.ActiveCfg = Debug|Any CPU
		{9B434AE3-CDAB-42D4-AE4D-7C9041C5D9CF}.Debug|Any CPU.Build.0 = Debug|Any CPU
		{9B434AE3-CDAB-42D4-AE4D-7C9041C5D9CF}.Release|Any CPU.ActiveCfg = Release|Any CPU
		{9B434AE3-CDAB-42D4-AE4D-7C9041C5D9CF}.Release|Any CPU.Build.0 = Release|Any CPU
		{D96B84FF-16BD-47FE-8A8A-BDE66678D8E0}.Debug|Any CPU.ActiveCfg = Debug|Any CPU
		{D96B84FF-16BD-47FE-8A8A-BDE66678D8E0}.Debug|Any CPU.Build.0 = Debug|Any CPU
		{D96B84FF-16BD-47FE-8A8A-BDE66678D8E0}.Release|Any CPU.ActiveCfg = Release|Any CPU
		{D96B84FF-16BD-47FE-8A8A-BDE66678D8E0}.Release|Any CPU.Build.0 = Release|Any CPU
		{FD50B2CE-7BB1-437A-8754-18A8BAB93DEF}.Debug|Any CPU.ActiveCfg = Debug|Any CPU
		{FD50B2CE-7BB1-437A-8754-18A8BAB93DEF}.Debug|Any CPU.Build.0 = Debug|Any CPU
		{FD50B2CE-7BB1-437A-8754-18A8BAB93DEF}.Release|Any CPU.ActiveCfg = Release|Any CPU
		{FD50B2CE-7BB1-437A-8754-18A8BAB93DEF}.Release|Any CPU.Build.0 = Release|Any CPU
		{209BFFC1-A5BD-48EB-84AF-E69869B8BD74}.Debug|Any CPU.ActiveCfg = Debug|Any CPU
		{209BFFC1-A5BD-48EB-84AF-E69869B8BD74}.Debug|Any CPU.Build.0 = Debug|Any CPU
		{209BFFC1-A5BD-48EB-84AF-E69869B8BD74}.Release|Any CPU.ActiveCfg = Release|Any CPU
		{209BFFC1-A5BD-48EB-84AF-E69869B8BD74}.Release|Any CPU.Build.0 = Release|Any CPU
		{C3D058ED-7A8B-4624-B94B-3C682A99046F}.Debug|Any CPU.ActiveCfg = Debug|Any CPU
		{C3D058ED-7A8B-4624-B94B-3C682A99046F}.Debug|Any CPU.Build.0 = Debug|Any CPU
		{C3D058ED-7A8B-4624-B94B-3C682A99046F}.Release|Any CPU.ActiveCfg = Release|Any CPU
		{C3D058ED-7A8B-4624-B94B-3C682A99046F}.Release|Any CPU.Build.0 = Release|Any CPU
		{646064DF-9ACD-48D6-A2E7-F29DFE89E76F}.Debug|Any CPU.ActiveCfg = Debug|Any CPU
		{646064DF-9ACD-48D6-A2E7-F29DFE89E76F}.Debug|Any CPU.Build.0 = Debug|Any CPU
		{646064DF-9ACD-48D6-A2E7-F29DFE89E76F}.Release|Any CPU.ActiveCfg = Release|Any CPU
		{646064DF-9ACD-48D6-A2E7-F29DFE89E76F}.Release|Any CPU.Build.0 = Release|Any CPU
		{E4A7A1B5-CC60-4B9D-81F5-816F930DF37A}.Debug|Any CPU.ActiveCfg = Debug|Any CPU
		{E4A7A1B5-CC60-4B9D-81F5-816F930DF37A}.Debug|Any CPU.Build.0 = Debug|Any CPU
		{E4A7A1B5-CC60-4B9D-81F5-816F930DF37A}.Release|Any CPU.ActiveCfg = Release|Any CPU
		{E4A7A1B5-CC60-4B9D-81F5-816F930DF37A}.Release|Any CPU.Build.0 = Release|Any CPU
		{09FBEE53-0823-442E-834A-4339F44C6739}.Debug|Any CPU.ActiveCfg = Debug|Any CPU
		{09FBEE53-0823-442E-834A-4339F44C6739}.Debug|Any CPU.Build.0 = Debug|Any CPU
		{09FBEE53-0823-442E-834A-4339F44C6739}.Release|Any CPU.ActiveCfg = Release|Any CPU
		{09FBEE53-0823-442E-834A-4339F44C6739}.Release|Any CPU.Build.0 = Release|Any CPU
	EndGlobalSection
	GlobalSection(SolutionProperties) = preSolution
		HideSolutionNode = FALSE
	EndGlobalSection
	GlobalSection(NestedProjects) = preSolution
		{8CB0DDAE-0083-4EDC-BBCD-A7807A31B400} = {ED955063-E87E-4680-A77C-3A3E60F276C3}
		{5D076B3D-4699-4529-96D3-B16D34911F93} = {8DE583F3-D23E-45C5-A121-51D47D34B525}
		{9B434AE3-CDAB-42D4-AE4D-7C9041C5D9CF} = {672CD4E2-5625-4B63-8C1D-712A648C10AB}
		{D96B84FF-16BD-47FE-8A8A-BDE66678D8E0} = {672CD4E2-5625-4B63-8C1D-712A648C10AB}
		{FD50B2CE-7BB1-437A-8754-18A8BAB93DEF} = {672CD4E2-5625-4B63-8C1D-712A648C10AB}
		{209BFFC1-A5BD-48EB-84AF-E69869B8BD74} = {8DE583F3-D23E-45C5-A121-51D47D34B525}
		{C3D058ED-7A8B-4624-B94B-3C682A99046F} = {8DE583F3-D23E-45C5-A121-51D47D34B525}
		{646064DF-9ACD-48D6-A2E7-F29DFE89E76F} = {672CD4E2-5625-4B63-8C1D-712A648C10AB}
		{E4A7A1B5-CC60-4B9D-81F5-816F930DF37A} = {8DE583F3-D23E-45C5-A121-51D47D34B525}
		{09FBEE53-0823-442E-834A-4339F44C6739} = {672CD4E2-5625-4B63-8C1D-712A648C10AB}
	EndGlobalSection
	GlobalSection(ExtensibilityGlobals) = postSolution
		SolutionGuid = {F8F857D3-651C-4B90-8BB6-9B8C75E8976B}
	EndGlobalSection
EndGlobal
